
Microsoft Visual Studio Solution File, Format Version 12.00
# Visual Studio Version 17
VisualStudioVersion = 17.4.33213.308
MinimumVisualStudioVersion = 10.0.40219.1
Project("{FAE04EC0-301F-11D3-BF4B-00C04F79EFBC}") = "Unittest", "Unittest\Unittest.csproj", "{22D90451-46B4-4BEE-AEF1-416B540651DB}"
EndProject
Project("{FAE04EC0-301F-11D3-BF4B-00C04F79EFBC}") = "Tester", "Tester\Tester.csproj", "{3C75D8E9-52CF-4ADC-AA38-36BAD6656FC0}"
EndProject
Global
	GlobalSection(SolutionConfigurationPlatforms) = preSolution
		Debug|Any CPU = Debug|Any CPU
		Release|Any CPU = Release|Any CPU
	EndGlobalSection
	GlobalSection(ProjectConfigurationPlatforms) = postSolution
		{22D90451-46B4-4BEE-AEF1-416B540651DB}.Debug|Any CPU.ActiveCfg = Debug|Any CPU
		{22D90451-46B4-4BEE-AEF1-416B540651DB}.Debug|Any CPU.Build.0 = Debug|Any CPU
		{22D90451-46B4-4BEE-AEF1-416B540651DB}.Release|Any CPU.ActiveCfg = Release|Any CPU
		{22D90451-46B4-4BEE-AEF1-416B540651DB}.Release|Any CPU.Build.0 = Release|Any CPU
		{3C75D8E9-52CF-4ADC-AA38-36BAD6656FC0}.Debug|Any CPU.ActiveCfg = Debug|Any CPU
		{3C75D8E9-52CF-4ADC-AA38-36BAD6656FC0}.Debug|Any CPU.Build.0 = Debug|Any CPU
		{3C75D8E9-52CF-4ADC-AA38-36BAD6656FC0}.Release|Any CPU.ActiveCfg = Release|Any CPU
		{3C75D8E9-52CF-4ADC-AA38-36BAD6656FC0}.Release|Any CPU.Build.0 = Release|Any CPU
	EndGlobalSection
	GlobalSection(SolutionProperties) = preSolution
		HideSolutionNode = FALSE
	EndGlobalSection
	GlobalSection(ExtensibilityGlobals) = postSolution
		SolutionGuid = {8DB40005-FB89-4C29-8D6A-5FB6A78B4E4C}
	EndGlobalSection
EndGlobal
